
Microsoft Visual Studio Solution File, Format Version 12.00
# Visual Studio 15
VisualStudioVersion = 15.0.27130.2020
MinimumVisualStudioVersion = 10.0.40219.1
Project("{FAE04EC0-301F-11D3-BF4B-00C04F79EFBC}") = "NodeGraph", "GraphNode\NodeGraph.csproj", "{B8CDDDF0-7BD1-4294-80BA-F55D488A2FC5}"
EndProject
Global
	GlobalSection(SolutionConfigurationPlatforms) = preSolution
		Debug|Any CPU = Debug|Any CPU
		Release|Any CPU = Release|Any CPU
	EndGlobalSection
	GlobalSection(ProjectConfigurationPlatforms) = postSolution
		{B8CDDDF0-7BD1-4294-80BA-F55D488A2FC5}.Debug|Any CPU.ActiveCfg = Debug|Any CPU
		{B8CDDDF0-7BD1-4294-80BA-F55D488A2FC5}.Debug|Any CPU.Build.0 = Debug|Any CPU
		{B8CDDDF0-7BD1-4294-80BA-F55D488A2FC5}.Release|Any CPU.ActiveCfg = Release|Any CPU
		{B8CDDDF0-7BD1-4294-80BA-F55D488A2FC5}.Release|Any CPU.Build.0 = Release|Any CPU
	EndGlobalSection
	GlobalSection(SolutionProperties) = preSolution
		HideSolutionNode = FALSE
	EndGlobalSection
	GlobalSection(ExtensibilityGlobals) = postSolution
		SolutionGuid = {691D80C6-6CBF-4B3D-A539-1DC3429606F9}
	EndGlobalSection
EndGlobal
